
Microsoft Visual Studio Solution File, Format Version 12.00
# Visual Studio Version 16
VisualStudioVersion = 16.0.33214.272
MinimumVisualStudioVersion = 10.0.40219.1
Project("{FAE04EC0-301F-11D3-BF4B-00C04F79EFBC}") = "com.Calculator", "com.Calculator\com.Calculator.csproj", "{0F84F57A-78C8-4932-8888-58EB0981DAF6}"
EndProject
Global
	GlobalSection(SolutionConfigurationPlatforms) = preSolution
		Debug|Any CPU = Debug|Any CPU
		Release|Any CPU = Release|Any CPU
	EndGlobalSection
	GlobalSection(ProjectConfigurationPlatforms) = postSolution
		{0F84F57A-78C8-4932-8888-58EB0981DAF6}.Debug|Any CPU.ActiveCfg = Debug|Any CPU
		{0F84F57A-78C8-4932-8888-58EB0981DAF6}.Debug|Any CPU.Build.0 = Debug|Any CPU
		{0F84F57A-78C8-4932-8888-58EB0981DAF6}.Release|Any CPU.ActiveCfg = Release|Any CPU
		{0F84F57A-78C8-4932-8888-58EB0981DAF6}.Release|Any CPU.Build.0 = Release|Any CPU
	EndGlobalSection
	GlobalSection(SolutionProperties) = preSolution
		HideSolutionNode = FALSE
	EndGlobalSection
	GlobalSection(ExtensibilityGlobals) = postSolution
		SolutionGuid = {0BDF4BBC-1B4D-443A-8206-7677A87CDC12}
	EndGlobalSection
EndGlobal
